
Microsoft Visual Studio Solution File, Format Version 12.00
# Visual Studio 15
VisualStudioVersion = 15.0.28307.2092
MinimumVisualStudioVersion = 10.0.40219.1
Project("{8BC9CEB8-8B4A-11D0-8D11-00A0C91BC942}") = "HW2.33", "HW2.33\HW2.33.vcxproj", "{0677138D-DABF-44D3-BB26-15B06DE0C33E}"
EndProject
Global
	GlobalSection(SolutionConfigurationPlatforms) = preSolution
		Debug|x64 = Debug|x64
		Debug|x86 = Debug|x86
		Release|x64 = Release|x64
		Release|x86 = Release|x86
	EndGlobalSection
	GlobalSection(ProjectConfigurationPlatforms) = postSolution
		{0677138D-DABF-44D3-BB26-15B06DE0C33E}.Debug|x64.ActiveCfg = Debug|x64
		{0677138D-DABF-44D3-BB26-15B06DE0C33E}.Debug|x64.Build.0 = Debug|x64
		{0677138D-DABF-44D3-BB26-15B06DE0C33E}.Debug|x86.ActiveCfg = Debug|Win32
		{0677138D-DABF-44D3-BB26-15B06DE0C33E}.Debug|x86.Build.0 = Debug|Win32
		{0677138D-DABF-44D3-BB26-15B06DE0C33E}.Release|x64.ActiveCfg = Release|x64
		{0677138D-DABF-44D3-BB26-15B06DE0C33E}.Release|x64.Build.0 = Release|x64
		{0677138D-DABF-44D3-BB26-15B06DE0C33E}.Release|x86.ActiveCfg = Release|Win32
		{0677138D-DABF-44D3-BB26-15B06DE0C33E}.Release|x86.Build.0 = Release|Win32
	EndGlobalSection
	GlobalSection(SolutionProperties) = preSolution
		HideSolutionNode = FALSE
	EndGlobalSection
	GlobalSection(ExtensibilityGlobals) = postSolution
		SolutionGuid = {3ED59CA3-AA4A-40F8-8996-F17B1243A336}
	EndGlobalSection
EndGlobal
